github.com/c-robinson/iplib v1.0.3 h1:NG0UF0GoEsrC1/vyfX1Lx2Ss7CySWl3KqqXh3q4DdPU=
github.com/c-robinson/iplib v1.0.3/go.mod h1:i3LuuFL1hRT5gFpBRnEydzw8R6yhGkF4szNDIbF8pgo=
github.com/jreisinger/nmapservices v0.1.2 h1:I0W1uEcipojtI8CpcRBuLh6pKA5v1LG1MOnj1E4MaMw=
github.com/jreisinger/nmapservices v0.1.2/go.mod h1:THd4lTeAoL7N7hLl0ObImf/xVLFVPGmEJR54p+AH//c=
github.com/pthomison/errcheck v0.0.3 h1:erjMMB1Z+x7SoNFwhv6tZtvw6rOokHlhmGGWjMwfcDU=
github.com/pthomison/errcheck v0.0.3/go.mod h1:vdRyOpyBi1XWzIJXe+8V+0/V4xPlFmlJVsIVpGxzylA=
